
Microsoft Visual Studio Solution File, Format Version 12.00
# Visual Studio Version 17
VisualStudioVersion = 17.0.31903.59
MinimumVisualStudioVersion = 10.0.40219.1
Project("{2150E333-8FDC-42A3-9474-1A3956D46DE8}") = "Diccionarios", "Diccionarios", "{04A2421B-E4B7-7FEC-5D77-D66A3B9E2F01}"
EndProject
Project("{FAE04EC0-301F-11D3-BF4B-00C04F79EFBC}") = "Diccionarios.Api", "Diccionarios\Api\Diccionarios.Api.csproj", "{65B08036-EF6D-47D7-8583-1B70A7B3B27D}"
EndProject
Project("{FAE04EC0-301F-11D3-BF4B-00C04F79EFBC}") = "Diccionarios.Ficheros", "Diccionarios\Ficheros\Diccionarios.Ficheros.csproj", "{E4B6397B-9625-4B85-BFA1-344EE9998DEB}"
EndProject
Project("{FAE04EC0-301F-11D3-BF4B-00C04F79EFBC}") = "Diccionarios.Ficheros.Tests", "Diccionarios\Ficheros.Tests\Diccionarios.Ficheros.Tests.csproj", "{6FB12162-AEDD-40F2-B98F-E7BAA155219B}"
EndProject
Project("{FAE04EC0-301F-11D3-BF4B-00C04F79EFBC}") = "Diccionarios.BBDD", "Diccionarios\BBDD\Diccionarios.BBDD.csproj", "{46AAE4C5-40AC-41F8-B213-EABE23593D61}"
EndProject
Project("{FAE04EC0-301F-11D3-BF4B-00C04F79EFBC}") = "Diccionarios.BBDD.Tests", "Diccionarios\BBDD.Tests\Diccionarios.BBDD.Tests.csproj", "{322F1E71-2D8F-4070-93EA-068A8F257B27}"
EndProject
Project("{2150E333-8FDC-42A3-9474-1A3956D46DE8}") = "Servicio", "Servicio", "{E331B72B-B1E2-C3F7-5EBB-F2A2607071AE}"
EndProject
Project("{FAE04EC0-301F-11D3-BF4B-00C04F79EFBC}") = "Servicio.Api", "Servicio\Api\Servicio.Api.csproj", "{ECC0EB83-D6B3-4905-9DDC-0E4837C932E6}"
EndProject
Project("{FAE04EC0-301F-11D3-BF4B-00C04F79EFBC}") = "Servicio.Impl", "Servicio\Impl\Servicio.Impl.csproj", "{07D47840-2686-45C7-89BA-BF6541686A13}"
EndProject
Project("{FAE04EC0-301F-11D3-BF4B-00C04F79EFBC}") = "Servicio.Tests", "Servicio\Tests\Servicio.Tests.csproj", "{F9212467-6B84-45DE-9F99-AD4C78F4FB00}"
EndProject
Project("{2150E333-8FDC-42A3-9474-1A3956D46DE8}") = "Rest", "Rest", "{CAF2E94B-1F3E-339F-03CF-980AEBF14E62}"
EndProject
Project("{FAE04EC0-301F-11D3-BF4B-00C04F79EFBC}") = "Rest.V1.Api", "Rest\V1\Api\Rest.V1.Api.csproj", "{A73E16F6-6606-40C9-BFC1-A8B1E6FEE113}"
EndProject
Project("{FAE04EC0-301F-11D3-BF4B-00C04F79EFBC}") = "Rest.V1.Impl", "Rest\V1\Impl\Rest.V1.Impl.csproj", "{ED62B893-67E2-4932-8B66-AB31521744C3}"
EndProject
Project("{2150E333-8FDC-42A3-9474-1A3956D46DE8}") = "UI", "UI", "{FA674B5A-3394-926C-2B1E-70E5B00E4A5C}"
EndProject
Project("{FAE04EC0-301F-11D3-BF4B-00C04F79EFBC}") = "UI.Api", "UI\Api\UI.Api.csproj", "{0669871B-D774-456B-9156-830272605100}"
EndProject
Project("{FAE04EC0-301F-11D3-BF4B-00C04F79EFBC}") = "UI.Consola", "UI\Consola\UI.Consola.csproj", "{51DD4F74-8CE7-4945-B3D4-5712186C8848}"
EndProject
Project("{2150E333-8FDC-42A3-9474-1A3956D46DE8}") = "Apps", "Apps", "{1787FE1D-075E-9E68-7218-25F1BD1BBEAB}"
EndProject
Project("{FAE04EC0-301F-11D3-BF4B-00C04F79EFBC}") = "App.Consola", "Apps\Consola\App.Consola.csproj", "{52273D0E-3707-4494-8D34-F4A658193604}"
EndProject
Project("{FAE04EC0-301F-11D3-BF4B-00C04F79EFBC}") = "App.ConsolaConDI", "Apps\ConsolaConDI\App.ConsolaConDI.csproj", "{FBB7F468-991D-47C4-8E48-76AF05E4E29E}"
EndProject
Project("{FAE04EC0-301F-11D3-BF4B-00C04F79EFBC}") = "App.Host", "Apps\Host\App.Host.csproj", "{6908EC33-D3E3-49E2-9059-B729962E5B42}"
EndProject
Project("{FAE04EC0-301F-11D3-BF4B-00C04F79EFBC}") = "App.WebApi", "Apps\WebApi\App.WebApi.csproj", "{760D027B-4CB7-42C3-AEF2-6EB18E8BA160}"
EndProject
Project("{FAE04EC0-301F-11D3-BF4B-00C04F79EFBC}") = "App.MVC", "Apps\MVC\App.MVC.csproj", "{21CCFA04-BD1C-4580-81B2-6CAE4024AA81}"
EndProject
Project("{FAE04EC0-301F-11D3-BF4B-00C04F79EFBC}") = "App.MVC.Tests", "Apps\MVC.Tests\App.MVC.Tests.csproj", "{7DBD16C3-5199-4A5B-879D-EE26E5300898}"
EndProject
Project("{2150E333-8FDC-42A3-9474-1A3956D46DE8}") = "Consola.Tests", "Consola.Tests", "{A20BC0CA-DA1A-AA41-237F-9A7F823DB341}"
EndProject
Project("{FAE04EC0-301F-11D3-BF4B-00C04F79EFBC}") = "UI.Consola.Tests", "UI\Consola.Tests\UI.Consola.Tests.csproj", "{F679E3EB-7A66-4C89-B3AC-9872F3A63789}"
EndProject
Project("{FAE04EC0-301F-11D3-BF4B-00C04F79EFBC}") = "MVC.SystemTests", "Apps\MVC.SystemTests\MVC.SystemTests.csproj", "{C2C76781-A747-4001-BB08-68783B4634CA}"
EndProject
Project("{FAE04EC0-301F-11D3-BF4B-00C04F79EFBC}") = "MVC.PlaywrightTests", "Apps\MVC.PlaywrightTests\MVC.PlaywrightTests.csproj", "{E123E6D9-3088-4EB5-81CF-88431610A16A}"
EndProject
Global
	GlobalSection(SolutionConfigurationPlatforms) = preSolution
		Debug|Any CPU = Debug|Any CPU
		Debug|x64 = Debug|x64
		Debug|x86 = Debug|x86
		Release|Any CPU = Release|Any CPU
		Release|x64 = Release|x64
		Release|x86 = Release|x86
	EndGlobalSection
	GlobalSection(ProjectConfigurationPlatforms) = postSolution
		{65B08036-EF6D-47D7-8583-1B70A7B3B27D}.Debug|Any CPU.ActiveCfg = Debug|Any CPU
		{65B08036-EF6D-47D7-8583-1B70A7B3B27D}.Debug|Any CPU.Build.0 = Debug|Any CPU
		{65B08036-EF6D-47D7-8583-1B70A7B3B27D}.Debug|x64.ActiveCfg = Debug|Any CPU
		{65B08036-EF6D-47D7-8583-1B70A7B3B27D}.Debug|x64.Build.0 = Debug|Any CPU
		{65B08036-EF6D-47D7-8583-1B70A7B3B27D}.Debug|x86.ActiveCfg = Debug|Any CPU
		{65B08036-EF6D-47D7-8583-1B70A7B3B27D}.Debug|x86.Build.0 = Debug|Any CPU
		{65B08036-EF6D-47D7-8583-1B70A7B3B27D}.Release|Any CPU.ActiveCfg = Release|Any CPU
		{65B08036-EF6D-47D7-8583-1B70A7B3B27D}.Release|Any CPU.Build.0 = Release|Any CPU
		{65B08036-EF6D-47D7-8583-1B70A7B3B27D}.Release|x64.ActiveCfg = Release|Any CPU
		{65B08036-EF6D-47D7-8583-1B70A7B3B27D}.Release|x64.Build.0 = Release|Any CPU
		{65B08036-EF6D-47D7-8583-1B70A7B3B27D}.Release|x86.ActiveCfg = Release|Any CPU
		{65B08036-EF6D-47D7-8583-1B70A7B3B27D}.Release|x86.Build.0 = Release|Any CPU
		{E4B6397B-9625-4B85-BFA1-344EE9998DEB}.Debug|Any CPU.ActiveCfg = Debug|Any CPU
		{E4B6397B-9625-4B85-BFA1-344EE9998DEB}.Debug|Any CPU.Build.0 = Debug|Any CPU
		{E4B6397B-9625-4B85-BFA1-344EE9998DEB}.Debug|x64.ActiveCfg = Debug|Any CPU
		{E4B6397B-9625-4B85-BFA1-344EE9998DEB}.Debug|x64.Build.0 = Debug|Any CPU
		{E4B6397B-9625-4B85-BFA1-344EE9998DEB}.Debug|x86.ActiveCfg = Debug|Any CPU
		{E4B6397B-9625-4B85-BFA1-344EE9998DEB}.Debug|x86.Build.0 = Debug|Any CPU
		{E4B6397B-9625-4B85-BFA1-344EE9998DEB}.Release|Any CPU.ActiveCfg = Release|Any CPU
		{E4B6397B-9625-4B85-BFA1-344EE9998DEB}.Release|Any CPU.Build.0 = Release|Any CPU
		{E4B6397B-9625-4B85-BFA1-344EE9998DEB}.Release|x64.ActiveCfg = Release|Any CPU
		{E4B6397B-9625-4B85-BFA1-344EE9998DEB}.Release|x64.Build.0 = Release|Any CPU
		{E4B6397B-9625-4B85-BFA1-344EE9998DEB}.Release|x86.ActiveCfg = Release|Any CPU
		{E4B6397B-9625-4B85-BFA1-344EE9998DEB}.Release|x86.Build.0 = Release|Any CPU
		{6FB12162-AEDD-40F2-B98F-E7BAA155219B}.Debug|Any CPU.ActiveCfg = Debug|Any CPU
		{6FB12162-AEDD-40F2-B98F-E7BAA155219B}.Debug|Any CPU.Build.0 = Debug|Any CPU
		{6FB12162-AEDD-40F2-B98F-E7BAA155219B}.Debug|x64.ActiveCfg = Debug|Any CPU
		{6FB12162-AEDD-40F2-B98F-E7BAA155219B}.Debug|x64.Build.0 = Debug|Any CPU
		{6FB12162-AEDD-40F2-B98F-E7BAA155219B}.Debug|x86.ActiveCfg = Debug|Any CPU
		{6FB12162-AEDD-40F2-B98F-E7BAA155219B}.Debug|x86.Build.0 = Debug|Any CPU
		{6FB12162-AEDD-40F2-B98F-E7BAA155219B}.Release|Any CPU.ActiveCfg = Release|Any CPU
		{6FB12162-AEDD-40F2-B98F-E7BAA155219B}.Release|Any CPU.Build.0 = Release|Any CPU
		{6FB12162-AEDD-40F2-B98F-E7BAA155219B}.Release|x64.ActiveCfg = Release|Any CPU
		{6FB12162-AEDD-40F2-B98F-E7BAA155219B}.Release|x64.Build.0 = Release|Any CPU
		{6FB12162-AEDD-40F2-B98F-E7BAA155219B}.Release|x86.ActiveCfg = Release|Any CPU
		{6FB12162-AEDD-40F2-B98F-E7BAA155219B}.Release|x86.Build.0 = Release|Any CPU
		{46AAE4C5-40AC-41F8-B213-EABE23593D61}.Debug|Any CPU.ActiveCfg = Debug|Any CPU
		{46AAE4C5-40AC-41F8-B213-EABE23593D61}.Debug|Any CPU.Build.0 = Debug|Any CPU
		{46AAE4C5-40AC-41F8-B213-EABE23593D61}.Debug|x64.ActiveCfg = Debug|Any CPU
		{46AAE4C5-40AC-41F8-B213-EABE23593D61}.Debug|x64.Build.0 = Debug|Any CPU
		{46AAE4C5-40AC-41F8-B213-EABE23593D61}.Debug|x86.ActiveCfg = Debug|Any CPU
		{46AAE4C5-40AC-41F8-B213-EABE23593D61}.Debug|x86.Build.0 = Debug|Any CPU
		{46AAE4C5-40AC-41F8-B213-EABE23593D61}.Release|Any CPU.ActiveCfg = Release|Any CPU
		{46AAE4C5-40AC-41F8-B213-EABE23593D61}.Release|Any CPU.Build.0 = Release|Any CPU
		{46AAE4C5-40AC-41F8-B213-EABE23593D61}.Release|x64.ActiveCfg = Release|Any CPU
		{46AAE4C5-40AC-41F8-B213-EABE23593D61}.Release|x64.Build.0 = Release|Any CPU
		{46AAE4C5-40AC-41F8-B213-EABE23593D61}.Release|x86.ActiveCfg = Release|Any CPU
		{46AAE4C5-40AC-41F8-B213-EABE23593D61}.Release|x86.Build.0 = Release|Any CPU
		{322F1E71-2D8F-4070-93EA-068A8F257B27}.Debug|Any CPU.ActiveCfg = Debug|Any CPU
		{322F1E71-2D8F-4070-93EA-068A8F257B27}.Debug|Any CPU.Build.0 = Debug|Any CPU
		{322F1E71-2D8F-4070-93EA-068A8F257B27}.Debug|x64.ActiveCfg = Debug|Any CPU
		{322F1E71-2D8F-4070-93EA-068A8F257B27}.Debug|x64.Build.0 = Debug|Any CPU
		{322F1E71-2D8F-4070-93EA-068A8F257B27}.Debug|x86.ActiveCfg = Debug|Any CPU
		{322F1E71-2D8F-4070-93EA-068A8F257B27}.Debug|x86.Build.0 = Debug|Any CPU
		{322F1E71-2D8F-4070-93EA-068A8F257B27}.Release|Any CPU.ActiveCfg = Release|Any CPU
		{322F1E71-2D8F-4070-93EA-068A8F257B27}.Release|Any CPU.Build.0 = Release|Any CPU
		{322F1E71-2D8F-4070-93EA-068A8F257B27}.Release|x64.ActiveCfg = Release|Any CPU
		{322F1E71-2D8F-4070-93EA-068A8F257B27}.Release|x64.Build.0 = Release|Any CPU
		{322F1E71-2D8F-4070-93EA-068A8F257B27}.Release|x86.ActiveCfg = Release|Any CPU
		{322F1E71-2D8F-4070-93EA-068A8F257B27}.Release|x86.Build.0 = Release|Any CPU
		{ECC0EB83-D6B3-4905-9DDC-0E4837C932E6}.Debug|Any CPU.ActiveCfg = Debug|Any CPU
		{ECC0EB83-D6B3-4905-9DDC-0E4837C932E6}.Debug|Any CPU.Build.0 = Debug|Any CPU
		{ECC0EB83-D6B3-4905-9DDC-0E4837C932E6}.Debug|x64.ActiveCfg = Debug|Any CPU
		{ECC0EB83-D6B3-4905-9DDC-0E4837C932E6}.Debug|x64.Build.0 = Debug|Any CPU
		{ECC0EB83-D6B3-4905-9DDC-0E4837C932E6}.Debug|x86.ActiveCfg = Debug|Any CPU
		{ECC0EB83-D6B3-4905-9DDC-0E4837C932E6}.Debug|x86.Build.0 = Debug|Any CPU
		{ECC0EB83-D6B3-4905-9DDC-0E4837C932E6}.Release|Any CPU.ActiveCfg = Release|Any CPU
		{ECC0EB83-D6B3-4905-9DDC-0E4837C932E6}.Release|Any CPU.Build.0 = Release|Any CPU
		{ECC0EB83-D6B3-4905-9DDC-0E4837C932E6}.Release|x64.ActiveCfg = Release|Any CPU
		{ECC0EB83-D6B3-4905-9DDC-0E4837C932E6}.Release|x64.Build.0 = Release|Any CPU
		{ECC0EB83-D6B3-4905-9DDC-0E4837C932E6}.Release|x86.ActiveCfg = Release|Any CPU
		{ECC0EB83-D6B3-4905-9DDC-0E4837C932E6}.Release|x86.Build.0 = Release|Any CPU
		{07D47840-2686-45C7-89BA-BF6541686A13}.Debug|Any CPU.ActiveCfg = Debug|Any CPU
		{07D47840-2686-45C7-89BA-BF6541686A13}.Debug|Any CPU.Build.0 = Debug|Any CPU
		{07D47840-2686-45C7-89BA-BF6541686A13}.Debug|x64.ActiveCfg = Debug|Any CPU
		{07D47840-2686-45C7-89BA-BF6541686A13}.Debug|x64.Build.0 = Debug|Any CPU
		{07D47840-2686-45C7-89BA-BF6541686A13}.Debug|x86.ActiveCfg = Debug|Any CPU
		{07D47840-2686-45C7-89BA-BF6541686A13}.Debug|x86.Build.0 = Debug|Any CPU
		{07D47840-2686-45C7-89BA-BF6541686A13}.Release|Any CPU.ActiveCfg = Release|Any CPU
		{07D47840-2686-45C7-89BA-BF6541686A13}.Release|Any CPU.Build.0 = Release|Any CPU
		{07D47840-2686-45C7-89BA-BF6541686A13}.Release|x64.ActiveCfg = Release|Any CPU
		{07D47840-2686-45C7-89BA-BF6541686A13}.Release|x64.Build.0 = Release|Any CPU
		{07D47840-2686-45C7-89BA-BF6541686A13}.Release|x86.ActiveCfg = Release|Any CPU
		{07D47840-2686-45C7-89BA-BF6541686A13}.Release|x86.Build.0 = Release|Any CPU
		{F9212467-6B84-45DE-9F99-AD4C78F4FB00}.Debug|Any CPU.ActiveCfg = Debug|Any CPU
		{F9212467-6B84-45DE-9F99-AD4C78F4FB00}.Debug|Any CPU.Build.0 = Debug|Any CPU
		{F9212467-6B84-45DE-9F99-AD4C78F4FB00}.Debug|x64.ActiveCfg = Debug|Any CPU
		{F9212467-6B84-45DE-9F99-AD4C78F4FB00}.Debug|x64.Build.0 = Debug|Any CPU
		{F9212467-6B84-45DE-9F99-AD4C78F4FB00}.Debug|x86.ActiveCfg = Debug|Any CPU
		{F9212467-6B84-45DE-9F99-AD4C78F4FB00}.Debug|x86.Build.0 = Debug|Any CPU
		{F9212467-6B84-45DE-9F99-AD4C78F4FB00}.Release|Any CPU.ActiveCfg = Release|Any CPU
		{F9212467-6B84-45DE-9F99-AD4C78F4FB00}.Release|Any CPU.Build.0 = Release|Any CPU
		{F9212467-6B84-45DE-9F99-AD4C78F4FB00}.Release|x64.ActiveCfg = Release|Any CPU
		{F9212467-6B84-45DE-9F99-AD4C78F4FB00}.Release|x64.Build.0 = Release|Any CPU
		{F9212467-6B84-45DE-9F99-AD4C78F4FB00}.Release|x86.ActiveCfg = Release|Any CPU
		{F9212467-6B84-45DE-9F99-AD4C78F4FB00}.Release|x86.Build.0 = Release|Any CPU
		{A73E16F6-6606-40C9-BFC1-A8B1E6FEE113}.Debug|Any CPU.ActiveCfg = Debug|Any CPU
		{A73E16F6-6606-40C9-BFC1-A8B1E6FEE113}.Debug|Any CPU.Build.0 = Debug|Any CPU
		{A73E16F6-6606-40C9-BFC1-A8B1E6FEE113}.Debug|x64.ActiveCfg = Debug|Any CPU
		{A73E16F6-6606-40C9-BFC1-A8B1E6FEE113}.Debug|x64.Build.0 = Debug|Any CPU
		{A73E16F6-6606-40C9-BFC1-A8B1E6FEE113}.Debug|x86.ActiveCfg = Debug|Any CPU
		{A73E16F6-6606-40C9-BFC1-A8B1E6FEE113}.Debug|x86.Build.0 = Debug|Any CPU
		{A73E16F6-6606-40C9-BFC1-A8B1E6FEE113}.Release|Any CPU.ActiveCfg = Release|Any CPU
		{A73E16F6-6606-40C9-BFC1-A8B1E6FEE113}.Release|Any CPU.Build.0 = Release|Any CPU
		{A73E16F6-6606-40C9-BFC1-A8B1E6FEE113}.Release|x64.ActiveCfg = Release|Any CPU
		{A73E16F6-6606-40C9-BFC1-A8B1E6FEE113}.Release|x64.Build.0 = Release|Any CPU
		{A73E16F6-6606-40C9-BFC1-A8B1E6FEE113}.Release|x86.ActiveCfg = Release|Any CPU
		{A73E16F6-6606-40C9-BFC1-A8B1E6FEE113}.Release|x86.Build.0 = Release|Any CPU
		{ED62B893-67E2-4932-8B66-AB31521744C3}.Debug|Any CPU.ActiveCfg = Debug|Any CPU
		{ED62B893-67E2-4932-8B66-AB31521744C3}.Debug|Any CPU.Build.0 = Debug|Any CPU
		{ED62B893-67E2-4932-8B66-AB31521744C3}.Debug|x64.ActiveCfg = Debug|Any CPU
		{ED62B893-67E2-4932-8B66-AB31521744C3}.Debug|x64.Build.0 = Debug|Any CPU
		{ED62B893-67E2-4932-8B66-AB31521744C3}.Debug|x86.ActiveCfg = Debug|Any CPU
		{ED62B893-67E2-4932-8B66-AB31521744C3}.Debug|x86.Build.0 = Debug|Any CPU
		{ED62B893-67E2-4932-8B66-AB31521744C3}.Release|Any CPU.ActiveCfg = Release|Any CPU
		{ED62B893-67E2-4932-8B66-AB31521744C3}.Release|Any CPU.Build.0 = Release|Any CPU
		{ED62B893-67E2-4932-8B66-AB31521744C3}.Release|x64.ActiveCfg = Release|Any CPU
		{ED62B893-67E2-4932-8B66-AB31521744C3}.Release|x64.Build.0 = Release|Any CPU
		{ED62B893-67E2-4932-8B66-AB31521744C3}.Release|x86.ActiveCfg = Release|Any CPU
		{ED62B893-67E2-4932-8B66-AB31521744C3}.Release|x86.Build.0 = Release|Any CPU
		{0669871B-D774-456B-9156-830272605100}.Debug|Any CPU.ActiveCfg = Debug|Any CPU
		{0669871B-D774-456B-9156-830272605100}.Debug|Any CPU.Build.0 = Debug|Any CPU
		{0669871B-D774-456B-9156-830272605100}.Debug|x64.ActiveCfg = Debug|Any CPU
		{0669871B-D774-456B-9156-830272605100}.Debug|x64.Build.0 = Debug|Any CPU
		{0669871B-D774-456B-9156-830272605100}.Debug|x86.ActiveCfg = Debug|Any CPU
		{0669871B-D774-456B-9156-830272605100}.Debug|x86.Build.0 = Debug|Any CPU
		{0669871B-D774-456B-9156-830272605100}.Release|Any CPU.ActiveCfg = Release|Any CPU
		{0669871B-D774-456B-9156-830272605100}.Release|Any CPU.Build.0 = Release|Any CPU
		{0669871B-D774-456B-9156-830272605100}.Release|x64.ActiveCfg = Release|Any CPU
		{0669871B-D774-456B-9156-830272605100}.Release|x64.Build.0 = Release|Any CPU
		{0669871B-D774-456B-9156-830272605100}.Release|x86.ActiveCfg = Release|Any CPU
		{0669871B-D774-456B-9156-830272605100}.Release|x86.Build.0 = Release|Any CPU
		{51DD4F74-8CE7-4945-B3D4-5712186C8848}.Debug|Any CPU.ActiveCfg = Debug|Any CPU
		{51DD4F74-8CE7-4945-B3D4-5712186C8848}.Debug|Any CPU.Build.0 = Debug|Any CPU
		{51DD4F74-8CE7-4945-B3D4-5712186C8848}.Debug|x64.ActiveCfg = Debug|Any CPU
		{51DD4F74-8CE7-4945-B3D4-5712186C8848}.Debug|x64.Build.0 = Debug|Any CPU
		{51DD4F74-8CE7-4945-B3D4-5712186C8848}.Debug|x86.ActiveCfg = Debug|Any CPU
		{51DD4F74-8CE7-4945-B3D4-5712186C8848}.Debug|x86.Build.0 = Debug|Any CPU
		{51DD4F74-8CE7-4945-B3D4-5712186C8848}.Release|Any CPU.ActiveCfg = Release|Any CPU
		{51DD4F74-8CE7-4945-B3D4-5712186C8848}.Release|Any CPU.Build.0 = Release|Any CPU
		{51DD4F74-8CE7-4945-B3D4-5712186C8848}.Release|x64.ActiveCfg = Release|Any CPU
		{51DD4F74-8CE7-4945-B3D4-5712186C8848}.Release|x64.Build.0 = Release|Any CPU
		{51DD4F74-8CE7-4945-B3D4-5712186C8848}.Release|x86.ActiveCfg = Release|Any CPU
		{51DD4F74-8CE7-4945-B3D4-5712186C8848}.Release|x86.Build.0 = Release|Any CPU
		{52273D0E-3707-4494-8D34-F4A658193604}.Debug|Any CPU.ActiveCfg = Debug|Any CPU
		{52273D0E-3707-4494-8D34-F4A658193604}.Debug|Any CPU.Build.0 = Debug|Any CPU
		{52273D0E-3707-4494-8D34-F4A658193604}.Debug|x64.ActiveCfg = Debug|Any CPU
		{52273D0E-3707-4494-8D34-F4A658193604}.Debug|x64.Build.0 = Debug|Any CPU
		{52273D0E-3707-4494-8D34-F4A658193604}.Debug|x86.ActiveCfg = Debug|Any CPU
		{52273D0E-3707-4494-8D34-F4A658193604}.Debug|x86.Build.0 = Debug|Any CPU
		{52273D0E-3707-4494-8D34-F4A658193604}.Release|Any CPU.ActiveCfg = Release|Any CPU
		{52273D0E-3707-4494-8D34-F4A658193604}.Release|Any CPU.Build.0 = Release|Any CPU
		{52273D0E-3707-4494-8D34-F4A658193604}.Release|x64.ActiveCfg = Release|Any CPU
		{52273D0E-3707-4494-8D34-F4A658193604}.Release|x64.Build.0 = Release|Any CPU
		{52273D0E-3707-4494-8D34-F4A658193604}.Release|x86.ActiveCfg = Release|Any CPU
		{52273D0E-3707-4494-8D34-F4A658193604}.Release|x86.Build.0 = Release|Any CPU
		{FBB7F468-991D-47C4-8E48-76AF05E4E29E}.Debug|Any CPU.ActiveCfg = Debug|Any CPU
		{FBB7F468-991D-47C4-8E48-76AF05E4E29E}.Debug|Any CPU.Build.0 = Debug|Any CPU
		{FBB7F468-991D-47C4-8E48-76AF05E4E29E}.Debug|x64.ActiveCfg = Debug|Any CPU
		{FBB7F468-991D-47C4-8E48-76AF05E4E29E}.Debug|x64.Build.0 = Debug|Any CPU
		{FBB7F468-991D-47C4-8E48-76AF05E4E29E}.Debug|x86.ActiveCfg = Debug|Any CPU
		{FBB7F468-991D-47C4-8E48-76AF05E4E29E}.Debug|x86.Build.0 = Debug|Any CPU
		{FBB7F468-991D-47C4-8E48-76AF05E4E29E}.Release|Any CPU.ActiveCfg = Release|Any CPU
		{FBB7F468-991D-47C4-8E48-76AF05E4E29E}.Release|Any CPU.Build.0 = Release|Any CPU
		{FBB7F468-991D-47C4-8E48-76AF05E4E29E}.Release|x64.ActiveCfg = Release|Any CPU
		{FBB7F468-991D-47C4-8E48-76AF05E4E29E}.Release|x64.Build.0 = Release|Any CPU
		{FBB7F468-991D-47C4-8E48-76AF05E4E29E}.Release|x86.ActiveCfg = Release|Any CPU
		{FBB7F468-991D-47C4-8E48-76AF05E4E29E}.Release|x86.Build.0 = Release|Any CPU
		{6908EC33-D3E3-49E2-9059-B729962E5B42}.Debug|Any CPU.ActiveCfg = Debug|Any CPU
		{6908EC33-D3E3-49E2-9059-B729962E5B42}.Debug|Any CPU.Build.0 = Debug|Any CPU
		{6908EC33-D3E3-49E2-9059-B729962E5B42}.Debug|x64.ActiveCfg = Debug|Any CPU
		{6908EC33-D3E3-49E2-9059-B729962E5B42}.Debug|x64.Build.0 = Debug|Any CPU
		{6908EC33-D3E3-49E2-9059-B729962E5B42}.Debug|x86.ActiveCfg = Debug|Any CPU
		{6908EC33-D3E3-49E2-9059-B729962E5B42}.Debug|x86.Build.0 = Debug|Any CPU
		{6908EC33-D3E3-49E2-9059-B729962E5B42}.Release|Any CPU.ActiveCfg = Release|Any CPU
		{6908EC33-D3E3-49E2-9059-B729962E5B42}.Release|Any CPU.Build.0 = Release|Any CPU
		{6908EC33-D3E3-49E2-9059-B729962E5B42}.Release|x64.ActiveCfg = Release|Any CPU
		{6908EC33-D3E3-49E2-9059-B729962E5B42}.Release|x64.Build.0 = Release|Any CPU
		{6908EC33-D3E3-49E2-9059-B729962E5B42}.Release|x86.ActiveCfg = Release|Any CPU
		{6908EC33-D3E3-49E2-9059-B729962E5B42}.Release|x86.Build.0 = Release|Any CPU
		{760D027B-4CB7-42C3-AEF2-6EB18E8BA160}.Debug|Any CPU.ActiveCfg = Debug|Any CPU
		{760D027B-4CB7-42C3-AEF2-6EB18E8BA160}.Debug|Any CPU.Build.0 = Debug|Any CPU
		{760D027B-4CB7-42C3-AEF2-6EB18E8BA160}.Debug|x64.ActiveCfg = Debug|Any CPU
		{760D027B-4CB7-42C3-AEF2-6EB18E8BA160}.Debug|x64.Build.0 = Debug|Any CPU
		{760D027B-4CB7-42C3-AEF2-6EB18E8BA160}.Debug|x86.ActiveCfg = Debug|Any CPU
		{760D027B-4CB7-42C3-AEF2-6EB18E8BA160}.Debug|x86.Build.0 = Debug|Any CPU
		{760D027B-4CB7-42C3-AEF2-6EB18E8BA160}.Release|Any CPU.ActiveCfg = Release|Any CPU
		{760D027B-4CB7-42C3-AEF2-6EB18E8BA160}.Release|Any CPU.Build.0 = Release|Any CPU
		{760D027B-4CB7-42C3-AEF2-6EB18E8BA160}.Release|x64.ActiveCfg = Release|Any CPU
		{760D027B-4CB7-42C3-AEF2-6EB18E8BA160}.Release|x64.Build.0 = Release|Any CPU
		{760D027B-4CB7-42C3-AEF2-6EB18E8BA160}.Release|x86.ActiveCfg = Release|Any CPU
		{760D027B-4CB7-42C3-AEF2-6EB18E8BA160}.Release|x86.Build.0 = Release|Any CPU
		{21CCFA04-BD1C-4580-81B2-6CAE4024AA81}.Debug|Any CPU.ActiveCfg = Debug|Any CPU
		{21CCFA04-BD1C-4580-81B2-6CAE4024AA81}.Debug|Any CPU.Build.0 = Debug|Any CPU
		{21CCFA04-BD1C-4580-81B2-6CAE4024AA81}.Debug|x64.ActiveCfg = Debug|Any CPU
		{21CCFA04-BD1C-4580-81B2-6CAE4024AA81}.Debug|x64.Build.0 = Debug|Any CPU
		{21CCFA04-BD1C-4580-81B2-6CAE4024AA81}.Debug|x86.ActiveCfg = Debug|Any CPU
		{21CCFA04-BD1C-4580-81B2-6CAE4024AA81}.Debug|x86.Build.0 = Debug|Any CPU
		{21CCFA04-BD1C-4580-81B2-6CAE4024AA81}.Release|Any CPU.ActiveCfg = Release|Any CPU
		{21CCFA04-BD1C-4580-81B2-6CAE4024AA81}.Release|Any CPU.Build.0 = Release|Any CPU
		{21CCFA04-BD1C-4580-81B2-6CAE4024AA81}.Release|x64.ActiveCfg = Release|Any CPU
		{21CCFA04-BD1C-4580-81B2-6CAE4024AA81}.Release|x64.Build.0 = Release|Any CPU
		{21CCFA04-BD1C-4580-81B2-6CAE4024AA81}.Release|x86.ActiveCfg = Release|Any CPU
		{21CCFA04-BD1C-4580-81B2-6CAE4024AA81}.Release|x86.Build.0 = Release|Any CPU
		{7DBD16C3-5199-4A5B-879D-EE26E5300898}.Debug|Any CPU.ActiveCfg = Debug|Any CPU
		{7DBD16C3-5199-4A5B-879D-EE26E5300898}.Debug|Any CPU.Build.0 = Debug|Any CPU
		{7DBD16C3-5199-4A5B-879D-EE26E5300898}.Debug|x64.ActiveCfg = Debug|Any CPU
		{7DBD16C3-5199-4A5B-879D-EE26E5300898}.Debug|x64.Build.0 = Debug|Any CPU
		{7DBD16C3-5199-4A5B-879D-EE26E5300898}.Debug|x86.ActiveCfg = Debug|Any CPU
		{7DBD16C3-5199-4A5B-879D-EE26E5300898}.Debug|x86.Build.0 = Debug|Any CPU
		{7DBD16C3-5199-4A5B-879D-EE26E5300898}.Release|Any CPU.ActiveCfg = Release|Any CPU
		{7DBD16C3-5199-4A5B-879D-EE26E5300898}.Release|Any CPU.Build.0 = Release|Any CPU
		{7DBD16C3-5199-4A5B-879D-EE26E5300898}.Release|x64.ActiveCfg = Release|Any CPU
		{7DBD16C3-5199-4A5B-879D-EE26E5300898}.Release|x64.Build.0 = Release|Any CPU
		{7DBD16C3-5199-4A5B-879D-EE26E5300898}.Release|x86.ActiveCfg = Release|Any CPU
		{7DBD16C3-5199-4A5B-879D-EE26E5300898}.Release|x86.Build.0 = Release|Any CPU
		{F679E3EB-7A66-4C89-B3AC-9872F3A63789}.Debug|Any CPU.ActiveCfg = Debug|Any CPU
		{F679E3EB-7A66-4C89-B3AC-9872F3A63789}.Debug|Any CPU.Build.0 = Debug|Any CPU
		{F679E3EB-7A66-4C89-B3AC-9872F3A63789}.Debug|x64.ActiveCfg = Debug|Any CPU
		{F679E3EB-7A66-4C89-B3AC-9872F3A63789}.Debug|x64.Build.0 = Debug|Any CPU
		{F679E3EB-7A66-4C89-B3AC-9872F3A63789}.Debug|x86.ActiveCfg = Debug|Any CPU
		{F679E3EB-7A66-4C89-B3AC-9872F3A63789}.Debug|x86.Build.0 = Debug|Any CPU
		{F679E3EB-7A66-4C89-B3AC-9872F3A63789}.Release|Any CPU.ActiveCfg = Release|Any CPU
		{F679E3EB-7A66-4C89-B3AC-9872F3A63789}.Release|Any CPU.Build.0 = Release|Any CPU
		{F679E3EB-7A66-4C89-B3AC-9872F3A63789}.Release|x64.ActiveCfg = Release|Any CPU
		{F679E3EB-7A66-4C89-B3AC-9872F3A63789}.Release|x64.Build.0 = Release|Any CPU
		{F679E3EB-7A66-4C89-B3AC-9872F3A63789}.Release|x86.ActiveCfg = Release|Any CPU
		{F679E3EB-7A66-4C89-B3AC-9872F3A63789}.Release|x86.Build.0 = Release|Any CPU
		{C2C76781-A747-4001-BB08-68783B4634CA}.Debug|Any CPU.ActiveCfg = Debug|Any CPU
		{C2C76781-A747-4001-BB08-68783B4634CA}.Debug|Any CPU.Build.0 = Debug|Any CPU
		{C2C76781-A747-4001-BB08-68783B4634CA}.Debug|x64.ActiveCfg = Debug|Any CPU
		{C2C76781-A747-4001-BB08-68783B4634CA}.Debug|x64.Build.0 = Debug|Any CPU
		{C2C76781-A747-4001-BB08-68783B4634CA}.Debug|x86.ActiveCfg = Debug|Any CPU
		{C2C76781-A747-4001-BB08-68783B4634CA}.Debug|x86.Build.0 = Debug|Any CPU
		{C2C76781-A747-4001-BB08-68783B4634CA}.Release|Any CPU.ActiveCfg = Release|Any CPU
		{C2C76781-A747-4001-BB08-68783B4634CA}.Release|Any CPU.Build.0 = Release|Any CPU
		{C2C76781-A747-4001-BB08-68783B4634CA}.Release|x64.ActiveCfg = Release|Any CPU
		{C2C76781-A747-4001-BB08-68783B4634CA}.Release|x64.Build.0 = Release|Any CPU
		{C2C76781-A747-4001-BB08-68783B4634CA}.Release|x86.ActiveCfg = Release|Any CPU
		{C2C76781-A747-4001-BB08-68783B4634CA}.Release|x86.Build.0 = Release|Any CPU
		{E123E6D9-3088-4EB5-81CF-88431610A16A}.Debug|Any CPU.ActiveCfg = Debug|Any CPU
		{E123E6D9-3088-4EB5-81CF-88431610A16A}.Debug|Any CPU.Build.0 = Debug|Any CPU
		{E123E6D9-3088-4EB5-81CF-88431610A16A}.Debug|x64.ActiveCfg = Debug|Any CPU
		{E123E6D9-3088-4EB5-81CF-88431610A16A}.Debug|x64.Build.0 = Debug|Any CPU
		{E123E6D9-3088-4EB5-81CF-88431610A16A}.Debug|x86.ActiveCfg = Debug|Any CPU
		{E123E6D9-3088-4EB5-81CF-88431610A16A}.Debug|x86.Build.0 = Debug|Any CPU
		{E123E6D9-3088-4EB5-81CF-88431610A16A}.Release|Any CPU.ActiveCfg = Release|Any CPU
		{E123E6D9-3088-4EB5-81CF-88431610A16A}.Release|Any CPU.Build.0 = Release|Any CPU
		{E123E6D9-3088-4EB5-81CF-88431610A16A}.Release|x64.ActiveCfg = Release|Any CPU
		{E123E6D9-3088-4EB5-81CF-88431610A16A}.Release|x64.Build.0 = Release|Any CPU
		{E123E6D9-3088-4EB5-81CF-88431610A16A}.Release|x86.ActiveCfg = Release|Any CPU
		{E123E6D9-3088-4EB5-81CF-88431610A16A}.Release|x86.Build.0 = Release|Any CPU
	EndGlobalSection
	GlobalSection(SolutionProperties) = preSolution
		HideSolutionNode = FALSE
	EndGlobalSection
	GlobalSection(NestedProjects) = preSolution
		{65B08036-EF6D-47D7-8583-1B70A7B3B27D} = {04A2421B-E4B7-7FEC-5D77-D66A3B9E2F01}
		{E4B6397B-9625-4B85-BFA1-344EE9998DEB} = {04A2421B-E4B7-7FEC-5D77-D66A3B9E2F01}
		{6FB12162-AEDD-40F2-B98F-E7BAA155219B} = {04A2421B-E4B7-7FEC-5D77-D66A3B9E2F01}
		{46AAE4C5-40AC-41F8-B213-EABE23593D61} = {04A2421B-E4B7-7FEC-5D77-D66A3B9E2F01}
		{322F1E71-2D8F-4070-93EA-068A8F257B27} = {04A2421B-E4B7-7FEC-5D77-D66A3B9E2F01}
		{ECC0EB83-D6B3-4905-9DDC-0E4837C932E6} = {E331B72B-B1E2-C3F7-5EBB-F2A2607071AE}
		{07D47840-2686-45C7-89BA-BF6541686A13} = {E331B72B-B1E2-C3F7-5EBB-F2A2607071AE}
		{F9212467-6B84-45DE-9F99-AD4C78F4FB00} = {E331B72B-B1E2-C3F7-5EBB-F2A2607071AE}
		{A73E16F6-6606-40C9-BFC1-A8B1E6FEE113} = {CAF2E94B-1F3E-339F-03CF-980AEBF14E62}
		{ED62B893-67E2-4932-8B66-AB31521744C3} = {CAF2E94B-1F3E-339F-03CF-980AEBF14E62}
		{0669871B-D774-456B-9156-830272605100} = {FA674B5A-3394-926C-2B1E-70E5B00E4A5C}
		{51DD4F74-8CE7-4945-B3D4-5712186C8848} = {FA674B5A-3394-926C-2B1E-70E5B00E4A5C}
		{52273D0E-3707-4494-8D34-F4A658193604} = {1787FE1D-075E-9E68-7218-25F1BD1BBEAB}
		{FBB7F468-991D-47C4-8E48-76AF05E4E29E} = {1787FE1D-075E-9E68-7218-25F1BD1BBEAB}
		{6908EC33-D3E3-49E2-9059-B729962E5B42} = {1787FE1D-075E-9E68-7218-25F1BD1BBEAB}
		{760D027B-4CB7-42C3-AEF2-6EB18E8BA160} = {1787FE1D-075E-9E68-7218-25F1BD1BBEAB}
		{21CCFA04-BD1C-4580-81B2-6CAE4024AA81} = {1787FE1D-075E-9E68-7218-25F1BD1BBEAB}
		{7DBD16C3-5199-4A5B-879D-EE26E5300898} = {1787FE1D-075E-9E68-7218-25F1BD1BBEAB}
		{A20BC0CA-DA1A-AA41-237F-9A7F823DB341} = {FA674B5A-3394-926C-2B1E-70E5B00E4A5C}
		{F679E3EB-7A66-4C89-B3AC-9872F3A63789} = {A20BC0CA-DA1A-AA41-237F-9A7F823DB341}
		{C2C76781-A747-4001-BB08-68783B4634CA} = {1787FE1D-075E-9E68-7218-25F1BD1BBEAB}
		{E123E6D9-3088-4EB5-81CF-88431610A16A} = {1787FE1D-075E-9E68-7218-25F1BD1BBEAB}
	EndGlobalSection
EndGlobal
